
Microsoft Visual Studio Solution File, Format Version 12.00
# Visual Studio Version 17
VisualStudioVersion = 17.2.32602.215
MinimumVisualStudioVersion = 10.0.40219.1
Project("{FAE04EC0-301F-11D3-BF4B-00C04F79EFBC}") = "ContactManager", "ContactManager\ContactManager.csproj", "{ACAF5864-A62D-4EAF-ACBE-75D2325FD9C7}"
EndProject
Global
	GlobalSection(SolutionConfigurationPlatforms) = preSolution
		Debug|Any CPU = Debug|Any CPU
		Release|Any CPU = Release|Any CPU
	EndGlobalSection
	GlobalSection(ProjectConfigurationPlatforms) = postSolution
		{ACAF5864-A62D-4EAF-ACBE-75D2325FD9C7}.Debug|Any CPU.ActiveCfg = Debug|Any CPU
		{ACAF5864-A62D-4EAF-ACBE-75D2325FD9C7}.Debug|Any CPU.Build.0 = Debug|Any CPU
		{ACAF5864-A62D-4EAF-ACBE-75D2325FD9C7}.Release|Any CPU.ActiveCfg = Release|Any CPU
		{ACAF5864-A62D-4EAF-ACBE-75D2325FD9C7}.Release|Any CPU.Build.0 = Release|Any CPU
	EndGlobalSection
	GlobalSection(SolutionProperties) = preSolution
		HideSolutionNode = FALSE
	EndGlobalSection
	GlobalSection(ExtensibilityGlobals) = postSolution
		SolutionGuid = {A8F825F7-DD0C-4E49-A11A-363C3C4D12C7}
	EndGlobalSection
EndGlobal
